
Microsoft Visual Studio Solution File, Format Version 12.00
# Visual Studio 15
VisualStudioVersion = 15.0.27703.2042
MinimumVisualStudioVersion = 10.0.40219.1
Project("{9A19103F-16F7-4668-BE54-9A1E7A4F7556}") = "BinanceTrader", "BinanceTrader\BinanceTrader.csproj", "{217C2B08-54DA-4941-969F-032D3CA691B2}"
EndProject
Project("{9A19103F-16F7-4668-BE54-9A1E7A4F7556}") = "Binance.API.CSharp.Client", "Binance.API.CSharp.Client\Binance.API.CSharp.Client.csproj", "{6AECDFE2-0226-4D8E-95DA-C5E80855DAB1}"
EndProject
Project("{9A19103F-16F7-4668-BE54-9A1E7A4F7556}") = "Binance.API.CSharp.Client.Models", "Binance.API.CSharp.Client.Models\Binance.API.CSharp.Client.Models.csproj", "{E247AA26-15C9-416F-AC9D-ED8F02D5C699}"
EndProject
Project("{9A19103F-16F7-4668-BE54-9A1E7A4F7556}") = "Binance.API.CSharp.Client.Domain", "Binance.API.CSharp.Client.Domain\Binance.API.CSharp.Client.Domain.csproj", "{815BBEBF-965C-4554-9638-79734BD65BB4}"
EndProject
Project("{9A19103F-16F7-4668-BE54-9A1E7A4F7556}") = "DigitalAsset.Coins", "DigitalAsset.Coins\DigitalAsset.Coins.csproj", "{22A6564C-CE4A-4A54-A2E0-274BBB1609F9}"
EndProject
Project("{FAE04EC0-301F-11D3-BF4B-00C04F79EFBC}") = "BitMex", "BitMex\BitMex.csproj", "{ED24F7D4-A658-4D00-A289-A1F0CDBBE572}"
EndProject
Global
	GlobalSection(SolutionConfigurationPlatforms) = preSolution
		Debug|Any CPU = Debug|Any CPU
		Debug|ARM = Debug|ARM
		Debug|x64 = Debug|x64
		Debug|x86 = Debug|x86
		Release|Any CPU = Release|Any CPU
		Release|ARM = Release|ARM
		Release|x64 = Release|x64
		Release|x86 = Release|x86
	EndGlobalSection
	GlobalSection(ProjectConfigurationPlatforms) = postSolution
		{217C2B08-54DA-4941-969F-032D3CA691B2}.Debug|Any CPU.ActiveCfg = Debug|Any CPU
		{217C2B08-54DA-4941-969F-032D3CA691B2}.Debug|Any CPU.Build.0 = Debug|Any CPU
		{217C2B08-54DA-4941-969F-032D3CA691B2}.Debug|ARM.ActiveCfg = Debug|Any CPU
		{217C2B08-54DA-4941-969F-032D3CA691B2}.Debug|ARM.Build.0 = Debug|Any CPU
		{217C2B08-54DA-4941-969F-032D3CA691B2}.Debug|x64.ActiveCfg = Debug|Any CPU
		{217C2B08-54DA-4941-969F-032D3CA691B2}.Debug|x64.Build.0 = Debug|Any CPU
		{217C2B08-54DA-4941-969F-032D3CA691B2}.Debug|x86.ActiveCfg = Debug|Any CPU
		{217C2B08-54DA-4941-969F-032D3CA691B2}.Debug|x86.Build.0 = Debug|Any CPU
		{217C2B08-54DA-4941-969F-032D3CA691B2}.Release|Any CPU.ActiveCfg = Release|Any CPU
		{217C2B08-54DA-4941-969F-032D3CA691B2}.Release|Any CPU.Build.0 = Release|Any CPU
		{217C2B08-54DA-4941-969F-032D3CA691B2}.Release|ARM.ActiveCfg = Release|Any CPU
		{217C2B08-54DA-4941-969F-032D3CA691B2}.Release|ARM.Build.0 = Release|Any CPU
		{217C2B08-54DA-4941-969F-032D3CA691B2}.Release|x64.ActiveCfg = Release|Any CPU
		{217C2B08-54DA-4941-969F-032D3CA691B2}.Release|x64.Build.0 = Release|Any CPU
		{217C2B08-54DA-4941-969F-032D3CA691B2}.Release|x86.ActiveCfg = Release|Any CPU
		{217C2B08-54DA-4941-969F-032D3CA691B2}.Release|x86.Build.0 = Release|Any CPU
		{6AECDFE2-0226-4D8E-95DA-C5E80855DAB1}.Debug|Any CPU.ActiveCfg = Debug|Any CPU
		{6AECDFE2-0226-4D8E-95DA-C5E80855DAB1}.Debug|Any CPU.Build.0 = Debug|Any CPU
		{6AECDFE2-0226-4D8E-95DA-C5E80855DAB1}.Debug|ARM.ActiveCfg = Debug|Any CPU
		{6AECDFE2-0226-4D8E-95DA-C5E80855DAB1}.Debug|ARM.Build.0 = Debug|Any CPU
		{6AECDFE2-0226-4D8E-95DA-C5E80855DAB1}.Debug|x64.ActiveCfg = Debug|Any CPU
		{6AECDFE2-0226-4D8E-95DA-C5E80855DAB1}.Debug|x64.Build.0 = Debug|Any CPU
		{6AECDFE2-0226-4D8E-95DA-C5E80855DAB1}.Debug|x86.ActiveCfg = Debug|Any CPU
		{6AECDFE2-0226-4D8E-95DA-C5E80855DAB1}.Debug|x86.Build.0 = Debug|Any CPU
		{6AECDFE2-0226-4D8E-95DA-C5E80855DAB1}.Release|Any CPU.ActiveCfg = Release|Any CPU
		{6AECDFE2-0226-4D8E-95DA-C5E80855DAB1}.Release|Any CPU.Build.0 = Release|Any CPU
		{6AECDFE2-0226-4D8E-95DA-C5E80855DAB1}.Release|ARM.ActiveCfg = Release|Any CPU
		{6AECDFE2-0226-4D8E-95DA-C5E80855DAB1}.Release|ARM.Build.0 = Release|Any CPU
		{6AECDFE2-0226-4D8E-95DA-C5E80855DAB1}.Release|x64.ActiveCfg = Release|Any CPU
		{6AECDFE2-0226-4D8E-95DA-C5E80855DAB1}.Release|x64.Build.0 = Release|Any CPU
		{6AECDFE2-0226-4D8E-95DA-C5E80855DAB1}.Release|x86.ActiveCfg = Release|Any CPU
		{6AECDFE2-0226-4D8E-95DA-C5E80855DAB1}.Release|x86.Build.0 = Release|Any CPU
		{E247AA26-15C9-416F-AC9D-ED8F02D5C699}.Debug|Any CPU.ActiveCfg = Debug|Any CPU
		{E247AA26-15C9-416F-AC9D-ED8F02D5C699}.Debug|Any CPU.Build.0 = Debug|Any CPU
		{E247AA26-15C9-416F-AC9D-ED8F02D5C699}.Debug|ARM.ActiveCfg = Debug|Any CPU
		{E247AA26-15C9-416F-AC9D-ED8F02D5C699}.Debug|ARM.Build.0 = Debug|Any CPU
		{E247AA26-15C9-416F-AC9D-ED8F02D5C699}.Debug|x64.ActiveCfg = Debug|Any CPU
		{E247AA26-15C9-416F-AC9D-ED8F02D5C699}.Debug|x64.Build.0 = Debug|Any CPU
		{E247AA26-15C9-416F-AC9D-ED8F02D5C699}.Debug|x86.ActiveCfg = Debug|Any CPU
		{E247AA26-15C9-416F-AC9D-ED8F02D5C699}.Debug|x86.Build.0 = Debug|Any CPU
		{E247AA26-15C9-416F-AC9D-ED8F02D5C699}.Release|Any CPU.ActiveCfg = Release|Any CPU
		{E247AA26-15C9-416F-AC9D-ED8F02D5C699}.Release|Any CPU.Build.0 = Release|Any CPU
		{E247AA26-15C9-416F-AC9D-ED8F02D5C699}.Release|ARM.ActiveCfg = Release|Any CPU
		{E247AA26-15C9-416F-AC9D-ED8F02D5C699}.Release|ARM.Build.0 = Release|Any CPU
		{E247AA26-15C9-416F-AC9D-ED8F02D5C699}.Release|x64.ActiveCfg = Release|Any CPU
		{E247AA26-15C9-416F-AC9D-ED8F02D5C699}.Release|x64.Build.0 = Release|Any CPU
		{E247AA26-15C9-416F-AC9D-ED8F02D5C699}.Release|x86.ActiveCfg = Release|Any CPU
		{E247AA26-15C9-416F-AC9D-ED8F02D5C699}.Release|x86.Build.0 = Release|Any CPU
		{815BBEBF-965C-4554-9638-79734BD65BB4}.Debug|Any CPU.ActiveCfg = Debug|Any CPU
		{815BBEBF-965C-4554-9638-79734BD65BB4}.Debug|Any CPU.Build.0 = Debug|Any CPU
		{815BBEBF-965C-4554-9638-79734BD65BB4}.Debug|ARM.ActiveCfg = Debug|Any CPU
		{815BBEBF-965C-4554-9638-79734BD65BB4}.Debug|ARM.Build.0 = Debug|Any CPU
		{815BBEBF-965C-4554-9638-79734BD65BB4}.Debug|x64.ActiveCfg = Debug|Any CPU
		{815BBEBF-965C-4554-9638-79734BD65BB4}.Debug|x64.Build.0 = Debug|Any CPU
		{815BBEBF-965C-4554-9638-79734BD65BB4}.Debug|x86.ActiveCfg = Debug|Any CPU
		{815BBEBF-965C-4554-9638-79734BD65BB4}.Debug|x86.Build.0 = Debug|Any CPU
		{815BBEBF-965C-4554-9638-79734BD65BB4}.Release|Any CPU.ActiveCfg = Release|Any CPU
		{815BBEBF-965C-4554-9638-79734BD65BB4}.Release|Any CPU.Build.0 = Release|Any CPU
		{815BBEBF-965C-4554-9638-79734BD65BB4}.Release|ARM.ActiveCfg = Release|Any CPU
		{815BBEBF-965C-4554-9638-79734BD65BB4}.Release|ARM.Build.0 = Release|Any CPU
		{815BBEBF-965C-4554-9638-79734BD65BB4}.Release|x64.ActiveCfg = Release|Any CPU
		{815BBEBF-965C-4554-9638-79734BD65BB4}.Release|x64.Build.0 = Release|Any CPU
		{815BBEBF-965C-4554-9638-79734BD65BB4}.Release|x86.ActiveCfg = Release|Any CPU
		{815BBEBF-965C-4554-9638-79734BD65BB4}.Release|x86.Build.0 = Release|Any CPU
		{22A6564C-CE4A-4A54-A2E0-274BBB1609F9}.Debug|Any CPU.ActiveCfg = Debug|Any CPU
		{22A6564C-CE4A-4A54-A2E0-274BBB1609F9}.Debug|Any CPU.Build.0 = Debug|Any CPU
		{22A6564C-CE4A-4A54-A2E0-274BBB1609F9}.Debug|ARM.ActiveCfg = Debug|Any CPU
		{22A6564C-CE4A-4A54-A2E0-274BBB1609F9}.Debug|ARM.Build.0 = Debug|Any CPU
		{22A6564C-CE4A-4A54-A2E0-274BBB1609F9}.Debug|x64.ActiveCfg = Debug|Any CPU
		{22A6564C-CE4A-4A54-A2E0-274BBB1609F9}.Debug|x64.Build.0 = Debug|Any CPU
		{22A6564C-CE4A-4A54-A2E0-274BBB1609F9}.Debug|x86.ActiveCfg = Debug|Any CPU
		{22A6564C-CE4A-4A54-A2E0-274BBB1609F9}.Debug|x86.Build.0 = Debug|Any CPU
		{22A6564C-CE4A-4A54-A2E0-274BBB1609F9}.Release|Any CPU.ActiveCfg = Release|Any CPU
		{22A6564C-CE4A-4A54-A2E0-274BBB1609F9}.Release|Any CPU.Build.0 = Release|Any CPU
		{22A6564C-CE4A-4A54-A2E0-274BBB1609F9}.Release|ARM.ActiveCfg = Release|Any CPU
		{22A6564C-CE4A-4A54-A2E0-274BBB1609F9}.Release|ARM.Build.0 = Release|Any CPU
		{22A6564C-CE4A-4A54-A2E0-274BBB1609F9}.Release|x64.ActiveCfg = Release|Any CPU
		{22A6564C-CE4A-4A54-A2E0-274BBB1609F9}.Release|x64.Build.0 = Release|Any CPU
		{22A6564C-CE4A-4A54-A2E0-274BBB1609F9}.Release|x86.ActiveCfg = Release|Any CPU
		{22A6564C-CE4A-4A54-A2E0-274BBB1609F9}.Release|x86.Build.0 = Release|Any CPU
		{ED24F7D4-A658-4D00-A289-A1F0CDBBE572}.Debug|Any CPU.ActiveCfg = Debug|Any CPU
		{ED24F7D4-A658-4D00-A289-A1F0CDBBE572}.Debug|Any CPU.Build.0 = Debug|Any CPU
		{ED24F7D4-A658-4D00-A289-A1F0CDBBE572}.Debug|ARM.ActiveCfg = Debug|Any CPU
		{ED24F7D4-A658-4D00-A289-A1F0CDBBE572}.Debug|ARM.Build.0 = Debug|Any CPU
		{ED24F7D4-A658-4D00-A289-A1F0CDBBE572}.Debug|x64.ActiveCfg = Debug|Any CPU
		{ED24F7D4-A658-4D00-A289-A1F0CDBBE572}.Debug|x64.Build.0 = Debug|Any CPU
		{ED24F7D4-A658-4D00-A289-A1F0CDBBE572}.Debug|x86.ActiveCfg = Debug|Any CPU
		{ED24F7D4-A658-4D00-A289-A1F0CDBBE572}.Debug|x86.Build.0 = Debug|Any CPU
		{ED24F7D4-A658-4D00-A289-A1F0CDBBE572}.Release|Any CPU.ActiveCfg = Release|Any CPU
		{ED24F7D4-A658-4D00-A289-A1F0CDBBE572}.Release|Any CPU.Build.0 = Release|Any CPU
		{ED24F7D4-A658-4D00-A289-A1F0CDBBE572}.Release|ARM.ActiveCfg = Release|Any CPU
		{ED24F7D4-A658-4D00-A289-A1F0CDBBE572}.Release|ARM.Build.0 = Release|Any CPU
		{ED24F7D4-A658-4D00-A289-A1F0CDBBE572}.Release|x64.ActiveCfg = Release|Any CPU
		{ED24F7D4-A658-4D00-A289-A1F0CDBBE572}.Release|x64.Build.0 = Release|Any CPU
		{ED24F7D4-A658-4D00-A289-A1F0CDBBE572}.Release|x86.ActiveCfg = Release|Any CPU
		{ED24F7D4-A658-4D00-A289-A1F0CDBBE572}.Release|x86.Build.0 = Release|Any CPU
	EndGlobalSection
	GlobalSection(SolutionProperties) = preSolution
		HideSolutionNode = FALSE
	EndGlobalSection
	GlobalSection(ExtensibilityGlobals) = postSolution
		SolutionGuid = {FCB6BBBA-69D1-46F8-80CF-CB89180687BA}
	EndGlobalSection
EndGlobal
