
Microsoft Visual Studio Solution File, Format Version 12.00
# Visual Studio 15
VisualStudioVersion = 15.0.27703.2042
MinimumVisualStudioVersion = 10.0.40219.1
Project("{FAE04EC0-301F-11D3-BF4B-00C04F79EFBC}") = "TraidingBotGUI", "TraidingBotGUI\TraidingBotGUI.csproj", "{D702912F-DA29-4A9C-AAD2-CF2741450F10}"
EndProject
Project("{FAE04EC0-301F-11D3-BF4B-00C04F79EFBC}") = "BitMex", "BitMex\BitMex.csproj", "{8EFF6E45-1DB9-4D6B-A243-3574C0029D6A}"
EndProject
Project("{FAE04EC0-301F-11D3-BF4B-00C04F79EFBC}") = "Binance.API.CSharp.Client", "Binance.API.CSharp.Client\Binance.API.CSharp.Client.csproj", "{0548998D-279C-435D-8A41-F409BA088988}"
EndProject
Project("{FAE04EC0-301F-11D3-BF4B-00C04F79EFBC}") = "Binance.API.CSharp.Client.Domain", "Binance.API.CSharp.Domain\Binance.API.CSharp.Client.Domain.csproj", "{914B200D-F222-44C9-B590-C294BA1F0C5F}"
EndProject
Project("{FAE04EC0-301F-11D3-BF4B-00C04F79EFBC}") = "Binance.API.CSharp.Client.Models", "Binance.API.CSharp.Client.Models\Binance.API.CSharp.Client.Models.csproj", "{ACB69823-A1F5-4FE0-BB2C-461445E6FC33}"
EndProject
Project("{FAE04EC0-301F-11D3-BF4B-00C04F79EFBC}") = "DigitalAsset.Coins", "DigitalAsset.Coins\DigitalAsset.Coins.csproj", "{BEE016E2-F369-46CC-A760-AF2C68CDD784}"
EndProject
Global
	GlobalSection(SolutionConfigurationPlatforms) = preSolution
		Debug|Any CPU = Debug|Any CPU
		Debug|ARM = Debug|ARM
		Debug|x64 = Debug|x64
		Debug|x86 = Debug|x86
		Release|Any CPU = Release|Any CPU
		Release|ARM = Release|ARM
		Release|x64 = Release|x64
		Release|x86 = Release|x86
	EndGlobalSection
	GlobalSection(ProjectConfigurationPlatforms) = postSolution
		{D702912F-DA29-4A9C-AAD2-CF2741450F10}.Debug|Any CPU.ActiveCfg = Debug|Any CPU
		{D702912F-DA29-4A9C-AAD2-CF2741450F10}.Debug|Any CPU.Build.0 = Debug|Any CPU
		{D702912F-DA29-4A9C-AAD2-CF2741450F10}.Debug|Any CPU.Deploy.0 = Debug|Any CPU
		{D702912F-DA29-4A9C-AAD2-CF2741450F10}.Debug|ARM.ActiveCfg = Debug|ARM
		{D702912F-DA29-4A9C-AAD2-CF2741450F10}.Debug|ARM.Build.0 = Debug|ARM
		{D702912F-DA29-4A9C-AAD2-CF2741450F10}.Debug|ARM.Deploy.0 = Debug|ARM
		{D702912F-DA29-4A9C-AAD2-CF2741450F10}.Debug|x64.ActiveCfg = Debug|x64
		{D702912F-DA29-4A9C-AAD2-CF2741450F10}.Debug|x64.Build.0 = Debug|x64
		{D702912F-DA29-4A9C-AAD2-CF2741450F10}.Debug|x64.Deploy.0 = Debug|x64
		{D702912F-DA29-4A9C-AAD2-CF2741450F10}.Debug|x86.ActiveCfg = Debug|x86
		{D702912F-DA29-4A9C-AAD2-CF2741450F10}.Debug|x86.Build.0 = Debug|x86
		{D702912F-DA29-4A9C-AAD2-CF2741450F10}.Debug|x86.Deploy.0 = Debug|x86
		{D702912F-DA29-4A9C-AAD2-CF2741450F10}.Release|Any CPU.ActiveCfg = Release|Any CPU
		{D702912F-DA29-4A9C-AAD2-CF2741450F10}.Release|Any CPU.Build.0 = Release|Any CPU
		{D702912F-DA29-4A9C-AAD2-CF2741450F10}.Release|Any CPU.Deploy.0 = Release|Any CPU
		{D702912F-DA29-4A9C-AAD2-CF2741450F10}.Release|ARM.ActiveCfg = Release|ARM
		{D702912F-DA29-4A9C-AAD2-CF2741450F10}.Release|ARM.Build.0 = Release|ARM
		{D702912F-DA29-4A9C-AAD2-CF2741450F10}.Release|ARM.Deploy.0 = Release|ARM
		{D702912F-DA29-4A9C-AAD2-CF2741450F10}.Release|x64.ActiveCfg = Release|x64
		{D702912F-DA29-4A9C-AAD2-CF2741450F10}.Release|x64.Build.0 = Release|x64
		{D702912F-DA29-4A9C-AAD2-CF2741450F10}.Release|x64.Deploy.0 = Release|x64
		{D702912F-DA29-4A9C-AAD2-CF2741450F10}.Release|x86.ActiveCfg = Release|x86
		{D702912F-DA29-4A9C-AAD2-CF2741450F10}.Release|x86.Build.0 = Release|x86
		{D702912F-DA29-4A9C-AAD2-CF2741450F10}.Release|x86.Deploy.0 = Release|x86
		{8EFF6E45-1DB9-4D6B-A243-3574C0029D6A}.Debug|Any CPU.ActiveCfg = Debug|Any CPU
		{8EFF6E45-1DB9-4D6B-A243-3574C0029D6A}.Debug|Any CPU.Build.0 = Debug|Any CPU
		{8EFF6E45-1DB9-4D6B-A243-3574C0029D6A}.Debug|ARM.ActiveCfg = Debug|ARM
		{8EFF6E45-1DB9-4D6B-A243-3574C0029D6A}.Debug|ARM.Build.0 = Debug|ARM
		{8EFF6E45-1DB9-4D6B-A243-3574C0029D6A}.Debug|x64.ActiveCfg = Debug|x64
		{8EFF6E45-1DB9-4D6B-A243-3574C0029D6A}.Debug|x64.Build.0 = Debug|x64
		{8EFF6E45-1DB9-4D6B-A243-3574C0029D6A}.Debug|x86.ActiveCfg = Debug|x86
		{8EFF6E45-1DB9-4D6B-A243-3574C0029D6A}.Debug|x86.Build.0 = Debug|x86
		{8EFF6E45-1DB9-4D6B-A243-3574C0029D6A}.Release|Any CPU.ActiveCfg = Release|Any CPU
		{8EFF6E45-1DB9-4D6B-A243-3574C0029D6A}.Release|Any CPU.Build.0 = Release|Any CPU
		{8EFF6E45-1DB9-4D6B-A243-3574C0029D6A}.Release|ARM.ActiveCfg = Release|ARM
		{8EFF6E45-1DB9-4D6B-A243-3574C0029D6A}.Release|ARM.Build.0 = Release|ARM
		{8EFF6E45-1DB9-4D6B-A243-3574C0029D6A}.Release|x64.ActiveCfg = Release|x64
		{8EFF6E45-1DB9-4D6B-A243-3574C0029D6A}.Release|x64.Build.0 = Release|x64
		{8EFF6E45-1DB9-4D6B-A243-3574C0029D6A}.Release|x86.ActiveCfg = Release|x86
		{8EFF6E45-1DB9-4D6B-A243-3574C0029D6A}.Release|x86.Build.0 = Release|x86
		{0548998D-279C-435D-8A41-F409BA088988}.Debug|Any CPU.ActiveCfg = Debug|Any CPU
		{0548998D-279C-435D-8A41-F409BA088988}.Debug|Any CPU.Build.0 = Debug|Any CPU
		{0548998D-279C-435D-8A41-F409BA088988}.Debug|ARM.ActiveCfg = Debug|ARM
		{0548998D-279C-435D-8A41-F409BA088988}.Debug|ARM.Build.0 = Debug|ARM
		{0548998D-279C-435D-8A41-F409BA088988}.Debug|x64.ActiveCfg = Debug|x64
		{0548998D-279C-435D-8A41-F409BA088988}.Debug|x64.Build.0 = Debug|x64
		{0548998D-279C-435D-8A41-F409BA088988}.Debug|x86.ActiveCfg = Debug|x86
		{0548998D-279C-435D-8A41-F409BA088988}.Debug|x86.Build.0 = Debug|x86
		{0548998D-279C-435D-8A41-F409BA088988}.Release|Any CPU.ActiveCfg = Release|Any CPU
		{0548998D-279C-435D-8A41-F409BA088988}.Release|Any CPU.Build.0 = Release|Any CPU
		{0548998D-279C-435D-8A41-F409BA088988}.Release|ARM.ActiveCfg = Release|ARM
		{0548998D-279C-435D-8A41-F409BA088988}.Release|ARM.Build.0 = Release|ARM
		{0548998D-279C-435D-8A41-F409BA088988}.Release|x64.ActiveCfg = Release|x64
		{0548998D-279C-435D-8A41-F409BA088988}.Release|x64.Build.0 = Release|x64
		{0548998D-279C-435D-8A41-F409BA088988}.Release|x86.ActiveCfg = Release|x86
		{0548998D-279C-435D-8A41-F409BA088988}.Release|x86.Build.0 = Release|x86
		{914B200D-F222-44C9-B590-C294BA1F0C5F}.Debug|Any CPU.ActiveCfg = Debug|Any CPU
		{914B200D-F222-44C9-B590-C294BA1F0C5F}.Debug|Any CPU.Build.0 = Debug|Any CPU
		{914B200D-F222-44C9-B590-C294BA1F0C5F}.Debug|ARM.ActiveCfg = Debug|ARM
		{914B200D-F222-44C9-B590-C294BA1F0C5F}.Debug|ARM.Build.0 = Debug|ARM
		{914B200D-F222-44C9-B590-C294BA1F0C5F}.Debug|x64.ActiveCfg = Debug|x64
		{914B200D-F222-44C9-B590-C294BA1F0C5F}.Debug|x64.Build.0 = Debug|x64
		{914B200D-F222-44C9-B590-C294BA1F0C5F}.Debug|x86.ActiveCfg = Debug|x86
		{914B200D-F222-44C9-B590-C294BA1F0C5F}.Debug|x86.Build.0 = Debug|x86
		{914B200D-F222-44C9-B590-C294BA1F0C5F}.Release|Any CPU.ActiveCfg = Release|Any CPU
		{914B200D-F222-44C9-B590-C294BA1F0C5F}.Release|Any CPU.Build.0 = Release|Any CPU
		{914B200D-F222-44C9-B590-C294BA1F0C5F}.Release|ARM.ActiveCfg = Release|ARM
		{914B200D-F222-44C9-B590-C294BA1F0C5F}.Release|ARM.Build.0 = Release|ARM
		{914B200D-F222-44C9-B590-C294BA1F0C5F}.Release|x64.ActiveCfg = Release|x64
		{914B200D-F222-44C9-B590-C294BA1F0C5F}.Release|x64.Build.0 = Release|x64
		{914B200D-F222-44C9-B590-C294BA1F0C5F}.Release|x86.ActiveCfg = Release|x86
		{914B200D-F222-44C9-B590-C294BA1F0C5F}.Release|x86.Build.0 = Release|x86
		{ACB69823-A1F5-4FE0-BB2C-461445E6FC33}.Debug|Any CPU.ActiveCfg = Debug|Any CPU
		{ACB69823-A1F5-4FE0-BB2C-461445E6FC33}.Debug|Any CPU.Build.0 = Debug|Any CPU
		{ACB69823-A1F5-4FE0-BB2C-461445E6FC33}.Debug|ARM.ActiveCfg = Debug|ARM
		{ACB69823-A1F5-4FE0-BB2C-461445E6FC33}.Debug|ARM.Build.0 = Debug|ARM
		{ACB69823-A1F5-4FE0-BB2C-461445E6FC33}.Debug|x64.ActiveCfg = Debug|x64
		{ACB69823-A1F5-4FE0-BB2C-461445E6FC33}.Debug|x64.Build.0 = Debug|x64
		{ACB69823-A1F5-4FE0-BB2C-461445E6FC33}.Debug|x86.ActiveCfg = Debug|x86
		{ACB69823-A1F5-4FE0-BB2C-461445E6FC33}.Debug|x86.Build.0 = Debug|x86
		{ACB69823-A1F5-4FE0-BB2C-461445E6FC33}.Release|Any CPU.ActiveCfg = Release|Any CPU
		{ACB69823-A1F5-4FE0-BB2C-461445E6FC33}.Release|Any CPU.Build.0 = Release|Any CPU
		{ACB69823-A1F5-4FE0-BB2C-461445E6FC33}.Release|ARM.ActiveCfg = Release|ARM
		{ACB69823-A1F5-4FE0-BB2C-461445E6FC33}.Release|ARM.Build.0 = Release|ARM
		{ACB69823-A1F5-4FE0-BB2C-461445E6FC33}.Release|x64.ActiveCfg = Release|x64
		{ACB69823-A1F5-4FE0-BB2C-461445E6FC33}.Release|x64.Build.0 = Release|x64
		{ACB69823-A1F5-4FE0-BB2C-461445E6FC33}.Release|x86.ActiveCfg = Release|x86
		{ACB69823-A1F5-4FE0-BB2C-461445E6FC33}.Release|x86.Build.0 = Release|x86
		{BEE016E2-F369-46CC-A760-AF2C68CDD784}.Debug|Any CPU.ActiveCfg = Debug|Any CPU
		{BEE016E2-F369-46CC-A760-AF2C68CDD784}.Debug|Any CPU.Build.0 = Debug|Any CPU
		{BEE016E2-F369-46CC-A760-AF2C68CDD784}.Debug|ARM.ActiveCfg = Debug|ARM
		{BEE016E2-F369-46CC-A760-AF2C68CDD784}.Debug|ARM.Build.0 = Debug|ARM
		{BEE016E2-F369-46CC-A760-AF2C68CDD784}.Debug|x64.ActiveCfg = Debug|x64
		{BEE016E2-F369-46CC-A760-AF2C68CDD784}.Debug|x64.Build.0 = Debug|x64
		{BEE016E2-F369-46CC-A760-AF2C68CDD784}.Debug|x86.ActiveCfg = Debug|x86
		{BEE016E2-F369-46CC-A760-AF2C68CDD784}.Debug|x86.Build.0 = Debug|x86
		{BEE016E2-F369-46CC-A760-AF2C68CDD784}.Release|Any CPU.ActiveCfg = Release|Any CPU
		{BEE016E2-F369-46CC-A760-AF2C68CDD784}.Release|Any CPU.Build.0 = Release|Any CPU
		{BEE016E2-F369-46CC-A760-AF2C68CDD784}.Release|ARM.ActiveCfg = Release|ARM
		{BEE016E2-F369-46CC-A760-AF2C68CDD784}.Release|ARM.Build.0 = Release|ARM
		{BEE016E2-F369-46CC-A760-AF2C68CDD784}.Release|x64.ActiveCfg = Release|x64
		{BEE016E2-F369-46CC-A760-AF2C68CDD784}.Release|x64.Build.0 = Release|x64
		{BEE016E2-F369-46CC-A760-AF2C68CDD784}.Release|x86.ActiveCfg = Release|x86
		{BEE016E2-F369-46CC-A760-AF2C68CDD784}.Release|x86.Build.0 = Release|x86
	EndGlobalSection
	GlobalSection(SolutionProperties) = preSolution
		HideSolutionNode = FALSE
	EndGlobalSection
	GlobalSection(ExtensibilityGlobals) = postSolution
		SolutionGuid = {8CEEA0BB-B045-4EC8-B51C-72F6E4ABE7E9}
	EndGlobalSection
EndGlobal
